// !$*UTF8*$!
{
	archiveVersion = 1;
	classes = {
	};
	objectVersion = 55;
	objects = {

/* Begin PBXBuildFile section */
		725D321B2765E0F4008BF977 /* AppDelegate.swift in Sources */ = {isa = PBXBuildFile; fileRef = 725D321A2765E0F4008BF977 /* AppDelegate.swift */; };
		725D321D2765E0F4008BF977 /* SceneDelegate.swift in Sources */ = {isa = PBXBuildFile; fileRef = 725D321C2765E0F4008BF977 /* SceneDelegate.swift */; };
		725D321F2765E0F4008BF977 /* ViewController.swift in Sources */ = {isa = PBXBuildFile; fileRef = 725D321E2765E0F4008BF977 /* ViewController.swift */; };
		725D32222765E0F4008BF977 /* Main.storyboard in Resources */ = {isa = PBXBuildFile; fileRef = 725D32202765E0F4008BF977 /* Main.storyboard */; };
		725D32242765E0F5008BF977 /* Assets.xcassets in Resources */ = {isa = PBXBuildFile; fileRef = 725D32232765E0F5008BF977 /* Assets.xcassets */; };
		725D32272765E0F5008BF977 /* LaunchScreen.storyboard in Resources */ = {isa = PBXBuildFile; fileRef = 725D32252765E0F5008BF977 /* LaunchScreen.storyboard */; };
		727754F227821DBB00E422A7 /* VC-B.swift in Sources */ = {isa = PBXBuildFile; fileRef = 727754F127821DBB00E422A7 /* VC-B.swift */; };
		727754F52782467600E422A7 /* VC-C.swift in Sources */ = {isa = PBXBuildFile; fileRef = 727754F42782467600E422A7 /* VC-C.swift */; };
		727754F7278255D500E422A7 /* TV-CCell.swift in Sources */ = {isa = PBXBuildFile; fileRef = 727754F6278255D500E422A7 /* TV-CCell.swift */; };
		727754FA2782617700E422A7 /* VC-D.swift in Sources */ = {isa = PBXBuildFile; fileRef = 727754F92782617700E422A7 /* VC-D.swift */; };
		727754FF278753E000E422A7 /* VC-E.swift in Sources */ = {isa = PBXBuildFile; fileRef = 727754FE278753E000E422A7 /* VC-E.swift */; };
		A053BDACB297C430E036BD24 /* Pods_Rx.framework in Frameworks */ = {isa = PBXBuildFile; fileRef = 35B8A2C59ABBABEFE1DF3EA5 /* Pods_Rx.framework */; };
/* End PBXBuildFile section */

/* Begin PBXFileReference section */
		35B8A2C59ABBABEFE1DF3EA5 /* Pods_Rx.framework */ = {isa = PBXFileReference; explicitFileType = wrapper.framework; includeInIndex = 0; path = Pods_Rx.framework; sourceTree = BUILT_PRODUCTS_DIR; };
		725D32172765E0F4008BF977 /* Rx.app */ = {isa = PBXFileReference; explicitFileType = wrapper.application; includeInIndex = 0; path = Rx.app; sourceTree = BUILT_PRODUCTS_DIR; };
		725D321A2765E0F4008BF977 /* AppDelegate.swift */ = {isa = PBXFileReference; lastKnownFileType = sourcecode.swift; path = AppDelegate.swift; sourceTree = "<group>"; };
		725D321C2765E0F4008BF977 /* SceneDelegate.swift */ = {isa = PBXFileReference; lastKnownFileType = sourcecode.swift; path = SceneDelegate.swift; sourceTree = "<group>"; };
		725D321E2765E0F4008BF977 /* ViewController.swift */ = {isa = PBXFileReference; lastKnownFileType = sourcecode.swift; path = ViewController.swift; sourceTree = "<group>"; };
		725D32212765E0F4008BF977 /* Base */ = {isa = PBXFileReference; lastKnownFileType = file.storyboard; name = Base; path = Base.lproj/Main.storyboard; sourceTree = "<group>"; };
		725D32232765E0F5008BF977 /* Assets.xcassets */ = {isa = PBXFileReference; lastKnownFileType = folder.assetcatalog; path = Assets.xcassets; sourceTree = "<group>"; };
		725D32262765E0F5008BF977 /* Base */ = {isa = PBXFileReference; lastKnownFileType = file.storyboard; name = Base; path = Base.lproj/LaunchScreen.storyboard; sourceTree = "<group>"; };
		725D32282765E0F5008BF977 /* Info.plist */ = {isa = PBXFileReference; lastKnownFileType = text.plist.xml; path = Info.plist; sourceTree = "<group>"; };
		727754F127821DBB00E422A7 /* VC-B.swift */ = {isa = PBXFileReference; lastKnownFileType = sourcecode.swift; path = "VC-B.swift"; sourceTree = "<group>"; };
		727754F42782467600E422A7 /* VC-C.swift */ = {isa = PBXFileReference; lastKnownFileType = sourcecode.swift; path = "VC-C.swift"; sourceTree = "<group>"; };
		727754F6278255D500E422A7 /* TV-CCell.swift */ = {isa = PBXFileReference; lastKnownFileType = sourcecode.swift; path = "TV-CCell.swift"; sourceTree = "<group>"; };
		727754F92782617700E422A7 /* VC-D.swift */ = {isa = PBXFileReference; lastKnownFileType = sourcecode.swift; path = "VC-D.swift"; sourceTree = "<group>"; };
		727754FE278753E000E422A7 /* VC-E.swift */ = {isa = PBXFileReference; lastKnownFileType = sourcecode.swift; path = "VC-E.swift"; sourceTree = "<group>"; };
		7990CE41AE93A4C89AF338DF /* Pods-Rx.debug.xcconfig */ = {isa = PBXFileReference; includeInIndex = 1; lastKnownFileType = text.xcconfig; name = "Pods-Rx.debug.xcconfig"; path = "Target Support Files/Pods-Rx/Pods-Rx.debug.xcconfig"; sourceTree = "<group>"; };
		DB1D66701112B0769ED4BDA2 /* Pods-Rx.release.xcconfig */ = {isa = PBXFileReference; includeInIndex = 1; lastKnownFileType = text.xcconfig; name = "Pods-Rx.release.xcconfig"; path = "Target Support Files/Pods-Rx/Pods-Rx.release.xcconfig"; sourceTree = "<group>"; };
/* End PBXFileReference section */

/* Begin PBXFrameworksBuildPhase section */
		725D32142765E0F4008BF977 /* Frameworks */ = {
			isa = PBXFrameworksBuildPhase;
			buildActionMask = 2147483647;
			files = (
				A053BDACB297C430E036BD24 /* Pods_Rx.framework in Frameworks */,
			);
			runOnlyForDeploymentPostprocessing = 0;
		};
/* End PBXFrameworksBuildPhase section */

/* Begin PBXGroup section */
		0692127C8C000A9B9E282F53 /* Frameworks */ = {
			isa = PBXGroup;
			children = (
				35B8A2C59ABBABEFE1DF3EA5 /* Pods_Rx.framework */,
			);
			name = Frameworks;
			sourceTree = "<group>";
		};
		32AA79FB54A9CB04C8D7F0D2 /* Pods */ = {
			isa = PBXGroup;
			children = (
				7990CE41AE93A4C89AF338DF /* Pods-Rx.debug.xcconfig */,
				DB1D66701112B0769ED4BDA2 /* Pods-Rx.release.xcconfig */,
			);
			path = Pods;
			sourceTree = "<group>";
		};
		725D320E2765E0F4008BF977 = {
			isa = PBXGroup;
			children = (
				725D32192765E0F4008BF977 /* Rx */,
				725D32182765E0F4008BF977 /* Products */,
				32AA79FB54A9CB04C8D7F0D2 /* Pods */,
				0692127C8C000A9B9E282F53 /* Frameworks */,
			);
			sourceTree = "<group>";
		};
		725D32182765E0F4008BF977 /* Products */ = {
			isa = PBXGroup;
			children = (
				725D32172765E0F4008BF977 /* Rx.app */,
			);
			name = Products;
			sourceTree = "<group>";
		};
		725D32192765E0F4008BF977 /* Rx */ = {
			isa = PBXGroup;
			children = (
				727754FB2787534D00E422A7 /* E */,
				727754F82782615B00E422A7 /* D */,
				727754F32782464800E422A7 /* С */,
				727754EF27821D3600E422A7 /* B */,
				727754EE27821D0000E422A7 /* A */,
				725D32202765E0F4008BF977 /* Main.storyboard */,
				725D32232765E0F5008BF977 /* Assets.xcassets */,
				725D321C2765E0F4008BF977 /* SceneDelegate.swift */,
				725D321A2765E0F4008BF977 /* AppDelegate.swift */,
				725D32252765E0F5008BF977 /* LaunchScreen.storyboard */,
				725D32282765E0F5008BF977 /* Info.plist */,
			);
			path = Rx;
			sourceTree = "<group>";
		};
		727754EE27821D0000E422A7 /* A */ = {
			isa = PBXGroup;
			children = (
				725D321E2765E0F4008BF977 /* ViewController.swift */,
			);
			path = A;
			sourceTree = "<group>";
		};
		727754EF27821D3600E422A7 /* B */ = {
			isa = PBXGroup;
			children = (
				727754F127821DBB00E422A7 /* VC-B.swift */,
			);
			path = B;
			sourceTree = "<group>";
		};
		727754F32782464800E422A7 /* С */ = {
			isa = PBXGroup;
			children = (
				727754F42782467600E422A7 /* VC-C.swift */,
				727754F6278255D500E422A7 /* TV-CCell.swift */,
			);
			path = "С";
			sourceTree = "<group>";
		};
		727754F82782615B00E422A7 /* D */ = {
			isa = PBXGroup;
			children = (
				727754F92782617700E422A7 /* VC-D.swift */,
			);
			path = D;
			sourceTree = "<group>";
		};
		727754FB2787534D00E422A7 /* E */ = {
			isa = PBXGroup;
			children = (
				727754FE278753E000E422A7 /* VC-E.swift */,
			);
			path = E;
			sourceTree = "<group>";
		};
/* End PBXGroup section */

/* Begin PBXNativeTarget section */
		725D32162765E0F4008BF977 /* Rx */ = {
			isa = PBXNativeTarget;
			buildConfigurationList = 725D322B2765E0F5008BF977 /* Build configuration list for PBXNativeTarget "Rx" */;
			buildPhases = (
				C4F50BAF57018A77D8EB67A4 /* [CP] Check Pods Manifest.lock */,
				725D32132765E0F4008BF977 /* Sources */,
				725D32142765E0F4008BF977 /* Frameworks */,
				725D32152765E0F4008BF977 /* Resources */,
				57E331CDEA58D1FCA75263E7 /* [CP] Embed Pods Frameworks */,
			);
			buildRules = (
			);
			dependencies = (
			);
			name = Rx;
			productName = Rx;
			productReference = 725D32172765E0F4008BF977 /* Rx.app */;
			productType = "com.apple.product-type.application";
		};
/* End PBXNativeTarget section */

/* Begin PBXProject section */
		725D320F2765E0F4008BF977 /* Project object */ = {
			isa = PBXProject;
			attributes = {
				BuildIndependentTargetsInParallel = 1;
				LastSwiftUpdateCheck = 1310;
				LastUpgradeCheck = 1310;
				TargetAttributes = {
					725D32162765E0F4008BF977 = {
						CreatedOnToolsVersion = 13.1;
					};
				};
			};
			buildConfigurationList = 725D32122765E0F4008BF977 /* Build configuration list for PBXProject "Rx" */;
			compatibilityVersion = "Xcode 13.0";
			developmentRegion = en;
			hasScannedForEncodings = 0;
			knownRegions = (
				en,
				Base,
			);
			mainGroup = 725D320E2765E0F4008BF977;
			packageReferences = (
			);
			productRefGroup = 725D32182765E0F4008BF977 /* Products */;
			projectDirPath = "";
			projectRoot = "";
			targets = (
				725D32162765E0F4008BF977 /* Rx */,
			);
		};
/* End PBXProject section */

/* Begin PBXResourcesBuildPhase section */
		725D32152765E0F4008BF977 /* Resources */ = {
			isa = PBXResourcesBuildPhase;
			buildActionMask = 2147483647;
			files = (
				725D32272765E0F5008BF977 /* LaunchScreen.storyboard in Resources */,
				725D32242765E0F5008BF977 /* Assets.xcassets in Resources */,
				725D32222765E0F4008BF977 /* Main.storyboard in Resources */,
			);
			runOnlyForDeploymentPostprocessing = 0;
		};
/* End PBXResourcesBuildPhase section */

/* Begin PBXShellScriptBuildPhase section */
		57E331CDEA58D1FCA75263E7 /* [CP] Embed Pods Frameworks */ = {
			isa = PBXShellScriptBuildPhase;
			buildActionMask = 2147483647;
			files = (
			);
			inputFileListPaths = (
				"${PODS_ROOT}/Target Support Files/Pods-Rx/Pods-Rx-frameworks-${CONFIGURATION}-input-files.xcfilelist",
			);
			name = "[CP] Embed Pods Frameworks";
			outputFileListPaths = (
				"${PODS_ROOT}/Target Support Files/Pods-Rx/Pods-Rx-frameworks-${CONFIGURATION}-output-files.xcfilelist",
			);
			runOnlyForDeploymentPostprocessing = 0;
			shellPath = /bin/sh;
			shellScript = "\"${PODS_ROOT}/Target Support Files/Pods-Rx/Pods-Rx-frameworks.sh\"\n";
			showEnvVarsInLog = 0;
		};
		C4F50BAF57018A77D8EB67A4 /* [CP] Check Pods Manifest.lock */ = {
			isa = PBXShellScriptBuildPhase;
			buildActionMask = 2147483647;
			files = (
			);
			inputFileListPaths = (
			);
			inputPaths = (
				"${PODS_PODFILE_DIR_PATH}/Podfile.lock",
				"${PODS_ROOT}/Manifest.lock",
			);
			name = "[CP] Check Pods Manifest.lock";
			outputFileListPaths = (
			);
			outputPaths = (
				"$(DERIVED_FILE_DIR)/Pods-Rx-checkManifestLockResult.txt",
			);
			runOnlyForDeploymentPostprocessing = 0;
			shellPath = /bin/sh;
			shellScript = "diff \"${PODS_PODFILE_DIR_PATH}/Podfile.lock\" \"${PODS_ROOT}/Manifest.lock\" > /dev/null\nif [ $? != 0 ] ; then\n    # print error to STDERR\n    echo \"error: The sandbox is not in sync with the Podfile.lock. Run 'pod install' or update your CocoaPods installation.\" >&2\n    exit 1\nfi\n# This output is used by Xcode 'outputs' to avoid re-running this script phase.\necho \"SUCCESS\" > \"${SCRIPT_OUTPUT_FILE_0}\"\n";
			showEnvVarsInLog = 0;
		};
/* End PBXShellScriptBuildPhase section */

/* Begin PBXSourcesBuildPhase section */
		725D32132765E0F4008BF977 /* Sources */ = {
			isa = PBXSourcesBuildPhase;
			buildActionMask = 2147483647;
			files = (
				727754FF278753E000E422A7 /* VC-E.swift in Sources */,
				725D321F2765E0F4008BF977 /* ViewController.swift in Sources */,
				727754F7278255D500E422A7 /* TV-CCell.swift in Sources */,
				727754FA2782617700E422A7 /* VC-D.swift in Sources */,
				727754F227821DBB00E422A7 /* VC-B.swift in Sources */,
				727754F52782467600E422A7 /* VC-C.swift in Sources */,
				725D321B2765E0F4008BF977 /* AppDelegate.swift in Sources */,
				725D321D2765E0F4008BF977 /* SceneDelegate.swift in Sources */,
			);
			runOnlyForDeploymentPostprocessing = 0;
		};
/* End PBXSourcesBuildPhase section */

/* Begin PBXVariantGroup section */
		725D32202765E0F4008BF977 /* Main.storyboard */ = {
			isa = PBXVariantGroup;
			children = (
				725D32212765E0F4008BF977 /* Base */,
			);
			name = Main.storyboard;
			sourceTree = "<group>";
		};
		725D32252765E0F5008BF977 /* LaunchScreen.storyboard */ = {
			isa = PBXVariantGroup;
			children = (
				725D32262765E0F5008BF977 /* Base */,
			);
			name = LaunchScreen.storyboard;
			sourceTree = "<group>";
		};
/* End PBXVariantGroup section */

/* Begin XCBuildConfiguration section */
		725D32292765E0F5008BF977 /* Debug */ = {
			isa = XCBuildConfiguration;
			buildSettings = {
				ALWAYS_SEARCH_USER_PATHS = NO;
				CLANG_ANALYZER_NONNULL = YES;
				CLANG_ANALYZER_NUMBER_OBJECT_CONVERSION = YES_AGGRESSIVE;
				CLANG_CXX_LANGUAGE_STANDARD = "gnu++17";
				CLANG_CXX_LIBRARY = "libc++";
				CLANG_ENABLE_MODULES = YES;
				CLANG_ENABLE_OBJC_ARC = YES;
				CLANG_ENABLE_OBJC_WEAK = YES;
				CLANG_WARN_BLOCK_CAPTURE_AUTORELEASING = YES;
				CLANG_WARN_BOOL_CONVERSION = YES;
				CLANG_WARN_COMMA = YES;
				CLANG_WARN_CONSTANT_CONVERSION = YES;
				CLANG_WARN_DEPRECATED_OBJC_IMPLEMENTATIONS = YES;
				CLANG_WARN_DIRECT_OBJC_ISA_USAGE = YES_ERROR;
				CLANG_WARN_DOCUMENTATION_COMMENTS = YES;
				CLANG_WARN_EMPTY_BODY = YES;
				CLANG_WARN_ENUM_CONVERSION = YES;
				CLANG_WARN_INFINITE_RECURSION = YES;
				CLANG_WARN_INT_CONVERSION = YES;
				CLANG_WARN_NON_LITERAL_NULL_CONVERSION = YES;
				CLANG_WARN_OBJC_IMPLICIT_RETAIN_SELF = YES;
				CLANG_WARN_OBJC_LITERAL_CONVERSION = YES;
				CLANG_WARN_OBJC_ROOT_CLASS = YES_ERROR;
				CLANG_WARN_QUOTED_INCLUDE_IN_FRAMEWORK_HEADER = YES;
				CLANG_WARN_RANGE_LOOP_ANALYSIS = YES;
				CLANG_WARN_STRICT_PROTOTYPES = YES;
				CLANG_WARN_SUSPICIOUS_MOVE = YES;
				CLANG_WARN_UNGUARDED_AVAILABILITY = YES_AGGRESSIVE;
				CLANG_WARN_UNREACHABLE_CODE = YES;
				CLANG_WARN__DUPLICATE_METHOD_MATCH = YES;
				COPY_PHASE_STRIP = NO;
				DEBUG_INFORMATION_FORMAT = dwarf;
				ENABLE_STRICT_OBJC_MSGSEND = YES;
				ENABLE_TESTABILITY = YES;
				GCC_C_LANGUAGE_STANDARD = gnu11;
				GCC_DYNAMIC_NO_PIC = NO;
				GCC_NO_COMMON_BLOCKS = YES;
				GCC_OPTIMIZATION_LEVEL = 0;
				GCC_PREPROCESSOR_DEFINITIONS = (
					"DEBUG=1",
					"$(inherited)",
				);
				GCC_WARN_64_TO_32_BIT_CONVERSION = YES;
				GCC_WARN_ABOUT_RETURN_TYPE = YES_ERROR;
				GCC_WARN_UNDECLARED_SELECTOR = YES;
				GCC_WARN_UNINITIALIZED_AUTOS = YES_AGGRESSIVE;
				GCC_WARN_UNUSED_FUNCTION = YES;
				GCC_WARN_UNUSED_VARIABLE = YES;
				IPHONEOS_DEPLOYMENT_TARGET = 15.0;
				MTL_ENABLE_DEBUG_INFO = INCLUDE_SOURCE;
				MTL_FAST_MATH = YES;
				ONLY_ACTIVE_ARCH = YES;
				SDKROOT = iphoneos;
				SWIFT_ACTIVE_COMPILATION_CONDITIONS = DEBUG;
				SWIFT_OPTIMIZATION_LEVEL = "-Onone";
			};
			name = Debug;
		};
		725D322A2765E0F5008BF977 /* Release */ = {
			isa = XCBuildConfiguration;
			buildSettings = {
				ALWAYS_SEARCH_USER_PATHS = NO;
				CLANG_ANALYZER_NONNULL = YES;
				CLANG_ANALYZER_NUMBER_OBJECT_CONVERSION = YES_AGGRESSIVE;
				CLANG_CXX_LANGUAGE_STANDARD = "gnu++17";
				CLANG_CXX_LIBRARY = "libc++";
				CLANG_ENABLE_MODULES = YES;
				CLANG_ENABLE_OBJC_ARC = YES;
				CLANG_ENABLE_OBJC_WEAK = YES;
				CLANG_WARN_BLOCK_CAPTURE_AUTORELEASING = YES;
				CLANG_WARN_BOOL_CONVERSION = YES;
				CLANG_WARN_COMMA = YES;
				CLANG_WARN_CONSTANT_CONVERSION = YES;
				CLANG_WARN_DEPRECATED_OBJC_IMPLEMENTATIONS = YES;
				CLANG_WARN_DIRECT_OBJC_ISA_USAGE = YES_ERROR;
				CLANG_WARN_DOCUMENTATION_COMMENTS = YES;
				CLANG_WARN_EMPTY_BODY = YES;
				CLANG_WARN_ENUM_CONVERSION = YES;
				CLANG_WARN_INFINITE_RECURSION = YES;
				CLANG_WARN_INT_CONVERSION = YES;
				CLANG_WARN_NON_LITERAL_NULL_CONVERSION = YES;
				CLANG_WARN_OBJC_IMPLICIT_RETAIN_SELF = YES;
				CLANG_WARN_OBJC_LITERAL_CONVERSION = YES;
				CLANG_WARN_OBJC_ROOT_CLASS = YES_ERROR;
				CLANG_WARN_QUOTED_INCLUDE_IN_FRAMEWORK_HEADER = YES;
				CLANG_WARN_RANGE_LOOP_ANALYSIS = YES;
				CLANG_WARN_STRICT_PROTOTYPES = YES;
				CLANG_WARN_SUSPICIOUS_MOVE = YES;
				CLANG_WARN_UNGUARDED_AVAILABILITY = YES_AGGRESSIVE;
				CLANG_WARN_UNREACHABLE_CODE = YES;
				CLANG_WARN__DUPLICATE_METHOD_MATCH = YES;
				COPY_PHASE_STRIP = NO;
				DEBUG_INFORMATION_FORMAT = "dwarf-with-dsym";
				ENABLE_NS_ASSERTIONS = NO;
				ENABLE_STRICT_OBJC_MSGSEND = YES;
				GCC_C_LANGUAGE_STANDARD = gnu11;
				GCC_NO_COMMON_BLOCKS = YES;
				GCC_WARN_64_TO_32_BIT_CONVERSION = YES;
				GCC_WARN_ABOUT_RETURN_TYPE = YES_ERROR;
				GCC_WARN_UNDECLARED_SELECTOR = YES;
				GCC_WARN_UNINITIALIZED_AUTOS = YES_AGGRESSIVE;
				GCC_WARN_UNUSED_FUNCTION = YES;
				GCC_WARN_UNUSED_VARIABLE = YES;
				IPHONEOS_DEPLOYMENT_TARGET = 15.0;
				MTL_ENABLE_DEBUG_INFO = NO;
				MTL_FAST_MATH = YES;
				SDKROOT = iphoneos;
				SWIFT_COMPILATION_MODE = wholemodule;
				SWIFT_OPTIMIZATION_LEVEL = "-O";
				VALIDATE_PRODUCT = YES;
			};
			name = Release;
		};
		725D322C2765E0F5008BF977 /* Debug */ = {
			isa = XCBuildConfiguration;
			baseConfigurationReference = 7990CE41AE93A4C89AF338DF /* Pods-Rx.debug.xcconfig */;
			buildSettings = {
				ASSETCATALOG_COMPILER_APPICON_NAME = AppIcon;
				ASSETCATALOG_COMPILER_GLOBAL_ACCENT_COLOR_NAME = AccentColor;
				CODE_SIGN_STYLE = Automatic;
				CURRENT_PROJECT_VERSION = 1;
				DEVELOPMENT_TEAM = SQ9ZJQTQNM;
				GENERATE_INFOPLIST_FILE = YES;
				INFOPLIST_FILE = Rx/Info.plist;
				INFOPLIST_KEY_UIApplicationSupportsIndirectInputEvents = YES;
				INFOPLIST_KEY_UILaunchStoryboardName = LaunchScreen;
				INFOPLIST_KEY_UIMainStoryboardFile = Main;
				INFOPLIST_KEY_UISupportedInterfaceOrientations_iPad = "UIInterfaceOrientationPortrait UIInterfaceOrientationPortraitUpsideDown UIInterfaceOrientationLandscapeLeft UIInterfaceOrientationLandscapeRight";
				INFOPLIST_KEY_UISupportedInterfaceOrientations_iPhone = "UIInterfaceOrientationPortrait UIInterfaceOrientationLandscapeLeft UIInterfaceOrientationLandscapeRight";
				LD_RUNPATH_SEARCH_PATHS = (
					"$(inherited)",
					"@executable_path/Frameworks",
				);
				MARKETING_VERSION = 1.0;
				PRODUCT_BUNDLE_IDENTIFIER = "Andrei-Balobanov.Rx";
				PRODUCT_NAME = "$(TARGET_NAME)";
				SWIFT_EMIT_LOC_STRINGS = YES;
				SWIFT_VERSION = 5.0;
				TARGETED_DEVICE_FAMILY = 1;
			};
			name = Debug;
		};
		725D322D2765E0F5008BF977 /* Release */ = {
			isa = XCBuildConfiguration;
			baseConfigurationReference = DB1D66701112B0769ED4BDA2 /* Pods-Rx.release.xcconfig */;
			buildSettings = {
				ASSETCATALOG_COMPILER_APPICON_NAME = AppIcon;
				ASSETCATALOG_COMPILER_GLOBAL_ACCENT_COLOR_NAME = AccentColor;
				CODE_SIGN_STYLE = Automatic;
				CURRENT_PROJECT_VERSION = 1;
				DEVELOPMENT_TEAM = SQ9ZJQTQNM;
				GENERATE_INFOPLIST_FILE = YES;
				INFOPLIST_FILE = Rx/Info.plist;
				INFOPLIST_KEY_UIApplicationSupportsIndirectInputEvents = YES;
				INFOPLIST_KEY_UILaunchStoryboardName = LaunchScreen;
				INFOPLIST_KEY_UIMainStoryboardFile = Main;
				INFOPLIST_KEY_UISupportedInterfaceOrientations_iPad = "UIInterfaceOrientationPortrait UIInterfaceOrientationPortraitUpsideDown UIInterfaceOrientationLandscapeLeft UIInterfaceOrientationLandscapeRight";
				INFOPLIST_KEY_UISupportedInterfaceOrientations_iPhone = "UIInterfaceOrientationPortrait UIInterfaceOrientationLandscapeLeft UIInterfaceOrientationLandscapeRight";
				LD_RUNPATH_SEARCH_PATHS = (
					"$(inherited)",
					"@executable_path/Frameworks",
				);
				MARKETING_VERSION = 1.0;
				PRODUCT_BUNDLE_IDENTIFIER = "Andrei-Balobanov.Rx";
				PRODUCT_NAME = "$(TARGET_NAME)";
				SWIFT_EMIT_LOC_STRINGS = YES;
				SWIFT_VERSION = 5.0;
				TARGETED_DEVICE_FAMILY = 1;
			};
			name = Release;
		};
/* End XCBuildConfiguration section */

/* Begin XCConfigurationList section */
		725D32122765E0F4008BF977 /* Build configuration list for PBXProject "Rx" */ = {
			isa = XCConfigurationList;
			buildConfigurations = (
				725D32292765E0F5008BF977 /* Debug */,
				725D322A2765E0F5008BF977 /* Release */,
			);
			defaultConfigurationIsVisible = 0;
			defaultConfigurationName = Release;
		};
		725D322B2765E0F5008BF977 /* Build configuration list for PBXNativeTarget "Rx" */ = {
			isa = XCConfigurationList;
			buildConfigurations = (
				725D322C2765E0F5008BF977 /* Debug */,
				725D322D2765E0F5008BF977 /* Release */,
			);
			defaultConfigurationIsVisible = 0;
			defaultConfigurationName = Release;
		};
/* End XCConfigurationList section */
	};
	rootObject = 725D320F2765E0F4008BF977 /* Project object */;
}
